
Microsoft Visual Studio Solution File, Format Version 12.00
# Visual Studio Version 17
VisualStudioVersion = 17.3.32901.215
MinimumVisualStudioVersion = 10.0.40219.1
Project("{FAE04EC0-301F-11D3-BF4B-00C04F79EFBC}") = "Calculator 2 MVC", "Calculator 2 MVC.csproj", "{DEA02339-132F-4385-A37A-A811D819BF1A}"
EndProject
Global
	GlobalSection(SolutionConfigurationPlatforms) = preSolution
		Debug|Any CPU = Debug|Any CPU
		Release|Any CPU = Release|Any CPU
	EndGlobalSection
	GlobalSection(ProjectConfigurationPlatforms) = postSolution
		{DEA02339-132F-4385-A37A-A811D819BF1A}.Debug|Any CPU.ActiveCfg = Debug|Any CPU
		{DEA02339-132F-4385-A37A-A811D819BF1A}.Debug|Any CPU.Build.0 = Debug|Any CPU
		{DEA02339-132F-4385-A37A-A811D819BF1A}.Release|Any CPU.ActiveCfg = Release|Any CPU
		{DEA02339-132F-4385-A37A-A811D819BF1A}.Release|Any CPU.Build.0 = Release|Any CPU
	EndGlobalSection
	GlobalSection(SolutionProperties) = preSolution
		HideSolutionNode = FALSE
	EndGlobalSection
	GlobalSection(ExtensibilityGlobals) = postSolution
		SolutionGuid = {CD22E6B7-8E18-4FF8-8427-EA7547201E60}
	EndGlobalSection
EndGlobal
